
Microsoft Visual Studio Solution File, Format Version 12.00
# Visual Studio 15
VisualStudioVersion = 15.0.27428.2011
MinimumVisualStudioVersion = 10.0.40219.1
Project("{FAE04EC0-301F-11D3-BF4B-00C04F79EFBC}") = "MingUnity_AssetbundleModule", "MingUnity_AssetbundleModule\MingUnity_AssetbundleModule.csproj", "{1D4DDE1E-E177-4443-B5BC-B53BBA3E0D85}"
EndProject
Global
	GlobalSection(SolutionConfigurationPlatforms) = preSolution
		Debug|Any CPU = Debug|Any CPU
		Release|Any CPU = Release|Any CPU
	EndGlobalSection
	GlobalSection(ProjectConfigurationPlatforms) = postSolution
		{1D4DDE1E-E177-4443-B5BC-B53BBA3E0D85}.Debug|Any CPU.ActiveCfg = Debug|Any CPU
		{1D4DDE1E-E177-4443-B5BC-B53BBA3E0D85}.Debug|Any CPU.Build.0 = Debug|Any CPU
		{1D4DDE1E-E177-4443-B5BC-B53BBA3E0D85}.Release|Any CPU.ActiveCfg = Release|Any CPU
		{1D4DDE1E-E177-4443-B5BC-B53BBA3E0D85}.Release|Any CPU.Build.0 = Release|Any CPU
	EndGlobalSection
	GlobalSection(SolutionProperties) = preSolution
		HideSolutionNode = FALSE
	EndGlobalSection
	GlobalSection(ExtensibilityGlobals) = postSolution
		SolutionGuid = {D11AE25D-EBC5-425C-A18E-33F87D64A316}
	EndGlobalSection
EndGlobal
