
Microsoft Visual Studio Solution File, Format Version 12.00
# Visual Studio 15
VisualStudioVersion = 15.0.27428.2011
MinimumVisualStudioVersion = 10.0.40219.1
Project("{FAE04EC0-301F-11D3-BF4B-00C04F79EFBC}") = "MingUnity_Common", "MingUnity_Common\MingUnity_Common.csproj", "{6E8933DC-D947-4C94-8027-70A2D996C4F2}"
EndProject
Global
	GlobalSection(SolutionConfigurationPlatforms) = preSolution
		Debug|Any CPU = Debug|Any CPU
		Release|Any CPU = Release|Any CPU
	EndGlobalSection
	GlobalSection(ProjectConfigurationPlatforms) = postSolution
		{6E8933DC-D947-4C94-8027-70A2D996C4F2}.Debug|Any CPU.ActiveCfg = Debug|Any CPU
		{6E8933DC-D947-4C94-8027-70A2D996C4F2}.Debug|Any CPU.Build.0 = Debug|Any CPU
		{6E8933DC-D947-4C94-8027-70A2D996C4F2}.Release|Any CPU.ActiveCfg = Release|Any CPU
		{6E8933DC-D947-4C94-8027-70A2D996C4F2}.Release|Any CPU.Build.0 = Release|Any CPU
	EndGlobalSection
	GlobalSection(SolutionProperties) = preSolution
		HideSolutionNode = FALSE
	EndGlobalSection
	GlobalSection(ExtensibilityGlobals) = postSolution
		SolutionGuid = {AFE5C221-EC27-4380-B4E1-4A6288BCB09E}
	EndGlobalSection
EndGlobal
