
Microsoft Visual Studio Solution File, Format Version 12.00
# Visual Studio 14
VisualStudioVersion = 14.0.23107.0
MinimumVisualStudioVersion = 10.0.40219.1
Project("{FAE04EC0-301F-11D3-BF4B-00C04F79EFBC}") = "MingUnity_Input", "MingUnity_Input\MingUnity_Input.csproj", "{E11362FC-1E8F-4DBA-82EA-AF5361782CFA}"
EndProject
Global
	GlobalSection(SolutionConfigurationPlatforms) = preSolution
		Debug|Any CPU = Debug|Any CPU
		Release|Any CPU = Release|Any CPU
	EndGlobalSection
	GlobalSection(ProjectConfigurationPlatforms) = postSolution
		{E11362FC-1E8F-4DBA-82EA-AF5361782CFA}.Debug|Any CPU.ActiveCfg = Debug|Any CPU
		{E11362FC-1E8F-4DBA-82EA-AF5361782CFA}.Debug|Any CPU.Build.0 = Debug|Any CPU
		{E11362FC-1E8F-4DBA-82EA-AF5361782CFA}.Release|Any CPU.ActiveCfg = Release|Any CPU
		{E11362FC-1E8F-4DBA-82EA-AF5361782CFA}.Release|Any CPU.Build.0 = Release|Any CPU
	EndGlobalSection
	GlobalSection(SolutionProperties) = preSolution
		HideSolutionNode = FALSE
	EndGlobalSection
EndGlobal
